github.com/gethugothemes/hugo-modules/accordion v0.0.0-20250409040650-2f989f5e8ea1 h1:7Vxop7okCLwr4WxYDsGdllehpbHwsqgKN+5kYMYhxDA=
github.com/gethugothemes/hugo-modules/accordion v0.0.0-20250409040650-2f989f5e8ea1/go.mod h1:D4DpauKPDcUHI9CVKYmJeO6bkSJIhUN864TyXZ2o0VI=
github.com/gethugothemes/hugo-modules/adsense v0.0.0-20250409040650-2f989f5e8ea1 h1:4MoV3PVMHPDSCn1xTB9CxEOyeA8cM/qem5b2/RbznPs=
github.com/gethugothemes/hugo-modules/adsense v0.0.0-20250409040650-2f989f5e8ea1/go.mod h1:8p/gG/cyyu20z4q5cFN/JGE5TOFA55Xsp+aIP9KCsqo=
github.com/gethugothemes/hugo-modules/components/announcement v0.0.0-20250409040650-2f989f5e8ea1 h1:Vcupri1yUM+50OgOZbwDXUnzs44xH+4k1xIRKjguvl0=
github.com/gethugothemes/hugo-modules/components/announcement v0.0.0-20250409040650-2f989f5e8ea1/go.mod h1:BO6vbFLvEgb45epi/QtUkQmTyqsWSwxIqTpwDvqJFHk=
github.com/gethugothemes/hugo-modules/components/cookie-consent v0.0.0-20250409040650-2f989f5e8ea1 h1:NitFaen0J6k3M4Llz82D1ZZSKgxAlp9oP59N/HOHTUw=
github.com/gethugothemes/hugo-modules/components/cookie-consent v0.0.0-20250409040650-2f989f5e8ea1/go.mod h1:511ERLpGe3ZTfV2z/NAtUSR5NqKF26h9z5lU/zYV4YQ=
github.com/gethugothemes/hugo-modules/components/custom-script v0.0.0-20250409040650-2f989f5e8ea1 h1:OMqkLgk3PofeB/14GBZP1IE27g8V3k71DQ024+3uKkU=
github.com/gethugothemes/hugo-modules/components/custom-script v0.0.0-20250409040650-2f989f5e8ea1/go.mod h1:RuDHq4WnK8sNEzAIJr4BZQ7oXhzcct/EKaAxc2Xvi9E=
github.com/gethugothemes/hugo-modules/components/preloader v0.0.0-20250409040650-2f989f5e8ea1 h1:DfTXzfCRSL/rD7fmcEdXLqBOENuplQ1RqHMKlWGDo0s=
github.com/gethugothemes/hugo-modules/components/preloader v0.0.0-20250409040650-2f989f5e8ea1/go.mod h1:FP0iQ3tMOesuWFZhLst2KEvUEYPb5Jk1GW+QBP9lrwg=
github.com/gethugothemes/hugo-modules/components/render-link v0.0.0-20250409040650-2f989f5e8ea1 h1:HeXQXKfma50MYvr8X+trmuCaMv5TifLBjw2gTVnX/ZY=
github.com/gethugothemes/hugo-modules/components/render-link v0.0.0-20250409040650-2f989f5e8ea1/go.mod h1:z3YcIeEBUonAoRDY1/Jv1ojNVkZ5ud35a0Nn8L4Inx0=
github.com/gethugothemes/hugo-modules/components/social-share v0.0.0-20250409040650-2f989f5e8ea1 h1:3AByS94NWhAbJPUjvTOJoWuvzgNCPnWOMpSodCgG9Hg=
github.com/gethugothemes/hugo-modules/components/social-share v0.0.0-20250409040650-2f989f5e8ea1/go.mod h1:Gcj4RM/EBECsJMZnPeWjfy/1roRYGqzV9GYNmeHkvFA=
github.com/gethugothemes/hugo-modules/gallery-slider v0.0.0-20250409040650-2f989f5e8ea1 h1:5+4v+dgBKFUFV6k8+zL7gb6o1o93CPfgSxPLt6O5G+o=
github.com/gethugothemes/hugo-modules/gallery-slider v0.0.0-20250409040650-2f989f5e8ea1/go.mod h1:MvQ2js/ofZ22CTX5wuvE+dC0rMe6C5HAWL2fEOu/yzE=
github.com/gethugothemes/hugo-modules/gzip-caching v0.0.0-20250409040650-2f989f5e8ea1 h1:aUoRTn9K8p+F6uXthYAVpZ14uRFxN1R6X9zLJTYpppg=
github.com/gethugothemes/hugo-modules/gzip-caching v0.0.0-20250409040650-2f989f5e8ea1/go.mod h1:0ZMjTZVG4XLZU2/icc8Saqo4mmgMpfRTrUZU2Aa2Pwg=
github.com/gethugothemes/hugo-modules/icons/font-awesome v0.0.0-20250409040650-2f989f5e8ea1 h1:X8ggz0TxJAUCwp9rkXJvacGfzhb9uxrVAaNypP8cvKQ=
github.com/gethugothemes/hugo-modules/icons/font-awesome v0.0.0-20250409040650-2f989f5e8ea1/go.mod h1:d3gy1vQyfasPmGpau7HpQLrXbOv23PfXclSnjyOBxeU=
github.com/gethugothemes/hugo-modules/images v0.0.0-20250409040650-2f989f5e8ea1 h1:ZwWV8fPTFtCceYFqzYFZQnbO/nnHhKSv3P7dZWzFb1s=
github.com/gethugothemes/hugo-modules/images v0.0.0-20250409040650-2f989f5e8ea1/go.mod h1:FKliP3qOW9diIcQeLtyZ0Hdhg3PL8bdAkC/6O+XtU90=
github.com/gethugothemes/hugo-modules/modal v0.0.0-20250409040650-2f989f5e8ea1 h1:gZJv8/+HYHErgyzZNIwQvMVcCpT4rRXr6NtHVSq+RmM=
github.com/gethugothemes/hugo-modules/modal v0.0.0-20250409040650-2f989f5e8ea1/go.mod h1:Eb9v7oV6biymfvjcBhQdvgn0gUGYhUtfCMeOBLFpFsk=
github.com/gethugothemes/hugo-modules/pwa v0.0.0-20250409040650-2f989f5e8ea1 h1:A6eP09C5VEAevjQjMCoB5KLWsdjXInJFvuiio0tCDuw=
github.com/gethugothemes/hugo-modules/pwa v0.0.0-20250409040650-2f989f5e8ea1/go.mod h1:TRv7iszdfo37O1PbBEE+S8X/enAdpRIxK5DGrp13Qbo=
github.com/gethugothemes/hugo-modules/search v0.0.0-20250409040650-2f989f5e8ea1 h1:5fyaS2JxJ59dKDgpFBt15IWNnKWnAkjNchDA8Kr5Pj4=
github.com/gethugothemes/hugo-modules/search v0.0.0-20250409040650-2f989f5e8ea1/go.mod h1:tmDvLaZCM+QDvS/WLZXNjY1QTdWh7/68D2wIToECbyA=
github.com/gethugothemes/hugo-modules/seo-tools/basic-seo v0.0.0-20250409040650-2f989f5e8ea1 h1:ST9twy5/L7ycciXm5boqT+wzukVp4zVVP7RudWfM010=
github.com/gethugothemes/hugo-modules/seo-tools/basic-seo v0.0.0-20250409040650-2f989f5e8ea1/go.mod h1:Q8dPgjamV7pxwKSQyWV21Xwh5CGi23/k+M8HPTphYbs=
github.com/gethugothemes/hugo-modules/seo-tools/google-tag-manager v0.0.0-20250409040650-2f989f5e8ea1 h1:1Qkluq3jZvbQPlXs1D2+E/b89FPMIP1e3xa4Hzn/pGg=
github.com/gethugothemes/hugo-modules/seo-tools/google-tag-manager v0.0.0-20250409040650-2f989f5e8ea1/go.mod h1:cCq50yd55eFTrpqOfeyOK5X0hU5E7qxsqOD7IzTsgLA=
github.com/gethugothemes/hugo-modules/seo-tools/site-verifications v0.0.0-20250409040650-2f989f5e8ea1 h1:+DqeTTysMwvBYuwIk5+tNKiZSFdApbJVfOdAC+xcMVk=
github.com/gethugothemes/hugo-modules/seo-tools/site-verifications v0.0.0-20250409040650-2f989f5e8ea1/go.mod h1:iXielaya126qJscz7Bc2G2WB91moloQOoWru6UoBUyE=
github.com/gethugothemes/hugo-modules/shortcodes/button v0.0.0-20250409040650-2f989f5e8ea1 h1:OaXC4oI/FK0hG99XJjyQOWI5GzpH5t8Az3irEuTbqWI=
github.com/gethugothemes/hugo-modules/shortcodes/button v0.0.0-20250409040650-2f989f5e8ea1/go.mod h1:MSvxGvjvcGUKTs6YMATU/9kYFrzW+VSVdy4CCOQLdsY=
github.com/gethugothemes/hugo-modules/shortcodes/notice v0.0.0-20250409040650-2f989f5e8ea1 h1:wgvvAGmMinTyRHA+75ZUs4e8gc+t3aUaa8kK/fCwmMY=
github.com/gethugothemes/hugo-modules/shortcodes/notice v0.0.0-20250409040650-2f989f5e8ea1/go.mod h1:ljWyMJx82WA+6SlKjbGFhEdxcriyvUTCjXkJHDa4lho=
github.com/gethugothemes/hugo-modules/tab v0.0.0-20250409040650-2f989f5e8ea1 h1:+rqsRHwnIGJpCe7nIN6v/S1ZwCIQVhdluR8mcEIz95Q=
github.com/gethugothemes/hugo-modules/tab v0.0.0-20250409040650-2f989f5e8ea1/go.mod h1:h3UxlxrFoU19JldxWLPBKaTZFe3AJtABrqo1wfxr+Ng=
github.com/gethugothemes/hugo-modules/table-of-contents v0.0.0-20250409040650-2f989f5e8ea1 h1:SemsUOCI7KFo/NFVkN6oqYUEQ65FlCXFEdRxhyXiY5g=
github.com/gethugothemes/hugo-modules/table-of-contents v0.0.0-20250409040650-2f989f5e8ea1/go.mod h1:bEDw4veccQQQYEdVrfu13ATRUWfW8ptDIjJZuhYh4Tw=
github.com/gethugothemes/hugo-modules/videos v0.0.0-20250409040650-2f989f5e8ea1 h1:ctc3mARIW4YHLXIRKGZdqc5aZA5TuDMH9z8bQhPuKNE=
github.com/gethugothemes/hugo-modules/videos v0.0.0-20250409040650-2f989f5e8ea1/go.mod h1:P722lLWdnNhdZVq6gvMrOLqECUwrAYQWaOWlChta5H0=
github.com/hugomods/mermaid v0.1.4 h1:/u0FZRSBMpqTbDh4XPBL7c6p0DUjvIkoo9cC89GASSI=
github.com/hugomods/mermaid v0.1.4/go.mod h1:GOID2Ko1vdrX03ZMaFNQL/vdTU1tZmGcVjOgBN8O42Y=
